
Microsoft Visual Studio Solution File, Format Version 12.00
Project("{FAE04EC0-301F-11D3-BF4B-00C04F79EFBC}") = "AWSCodePipelineDemo", "AWSCodePipelineDemo\AWSCodePipelineDemo.csproj", "{EE63B328-9610-488F-A1FD-A9D51D7D0084}"
EndProject
Global
	GlobalSection(SolutionConfigurationPlatforms) = preSolution
		Debug|Any CPU = Debug|Any CPU
		Release|Any CPU = Release|Any CPU
	EndGlobalSection
	GlobalSection(ProjectConfigurationPlatforms) = postSolution
		{EE63B328-9610-488F-A1FD-A9D51D7D0084}.Debug|Any CPU.ActiveCfg = Debug|Any CPU
		{EE63B328-9610-488F-A1FD-A9D51D7D0084}.Debug|Any CPU.Build.0 = Debug|Any CPU
		{EE63B328-9610-488F-A1FD-A9D51D7D0084}.Release|Any CPU.ActiveCfg = Release|Any CPU
		{EE63B328-9610-488F-A1FD-A9D51D7D0084}.Release|Any CPU.Build.0 = Release|Any CPU
	EndGlobalSection
EndGlobal
